// !$*UTF8*$!
{
	archiveVersion = 1;
	classes = {
	};
	objectVersion = 56;
	objects = {

/* Begin PBXBuildFile section */
		C2C1888F2B192E6800D9EB4E /* high_fidelityApp.swift in Sources */ = {isa = PBXBuildFile; fileRef = C2C1888E2B192E6800D9EB4E /* high_fidelityApp.swift */; };
		C2C188912B192E6800D9EB4E /* ContentView.swift in Sources */ = {isa = PBXBuildFile; fileRef = C2C188902B192E6800D9EB4E /* ContentView.swift */; };
		C2C188932B192E6B00D9EB4E /* Assets.xcassets in Resources */ = {isa = PBXBuildFile; fileRef = C2C188922B192E6B00D9EB4E /* Assets.xcassets */; };
		C2C188972B192E6B00D9EB4E /* Preview Assets.xcassets in Resources */ = {isa = PBXBuildFile; fileRef = C2C188962B192E6B00D9EB4E /* Preview Assets.xcassets */; };
		C2C188A12B192E6B00D9EB4E /* high_fidelityTests.swift in Sources */ = {isa = PBXBuildFile; fileRef = C2C188A02B192E6B00D9EB4E /* high_fidelityTests.swift */; };
		C2C188AB2B192E6B00D9EB4E /* high_fidelityUITests.swift in Sources */ = {isa = PBXBuildFile; fileRef = C2C188AA2B192E6B00D9EB4E /* high_fidelityUITests.swift */; };
		C2C188AD2B192E6B00D9EB4E /* high_fidelityUITestsLaunchTests.swift in Sources */ = {isa = PBXBuildFile; fileRef = C2C188AC2B192E6B00D9EB4E /* high_fidelityUITestsLaunchTests.swift */; };
/* End PBXBuildFile section */

/* Begin PBXContainerItemProxy section */
		C2C1889D2B192E6B00D9EB4E /* PBXContainerItemProxy */ = {
			isa = PBXContainerItemProxy;
			containerPortal = C2C188832B192E6800D9EB4E /* Project object */;
			proxyType = 1;
			remoteGlobalIDString = C2C1888A2B192E6800D9EB4E;
			remoteInfo = "high-fidelity";
		};
		C2C188A72B192E6B00D9EB4E /* PBXContainerItemProxy */ = {
			isa = PBXContainerItemProxy;
			containerPortal = C2C188832B192E6800D9EB4E /* Project object */;
			proxyType = 1;
			remoteGlobalIDString = C2C1888A2B192E6800D9EB4E;
			remoteInfo = "high-fidelity";
		};
/* End PBXContainerItemProxy section */

/* Begin PBXFileReference section */
		C2C1888B2B192E6800D9EB4E /* high-fidelity.app */ = {isa = PBXFileReference; explicitFileType = wrapper.application; includeInIndex = 0; path = "high-fidelity.app"; sourceTree = BUILT_PRODUCTS_DIR; };
		C2C1888E2B192E6800D9EB4E /* high_fidelityApp.swift */ = {isa = PBXFileReference; lastKnownFileType = sourcecode.swift; path = high_fidelityApp.swift; sourceTree = "<group>"; };
		C2C188902B192E6800D9EB4E /* ContentView.swift */ = {isa = PBXFileReference; lastKnownFileType = sourcecode.swift; path = ContentView.swift; sourceTree = "<group>"; };
		C2C188922B192E6B00D9EB4E /* Assets.xcassets */ = {isa = PBXFileReference; lastKnownFileType = folder.assetcatalog; path = Assets.xcassets; sourceTree = "<group>"; };
		C2C188942B192E6B00D9EB4E /* high_fidelity.entitlements */ = {isa = PBXFileReference; lastKnownFileType = text.plist.entitlements; path = high_fidelity.entitlements; sourceTree = "<group>"; };
		C2C188962B192E6B00D9EB4E /* Preview Assets.xcassets */ = {isa = PBXFileReference; lastKnownFileType = folder.assetcatalog; path = "Preview Assets.xcassets"; sourceTree = "<group>"; };
		C2C1889C2B192E6B00D9EB4E /* high-fidelityTests.xctest */ = {isa = PBXFileReference; explicitFileType = wrapper.cfbundle; includeInIndex = 0; path = "high-fidelityTests.xctest"; sourceTree = BUILT_PRODUCTS_DIR; };
		C2C188A02B192E6B00D9EB4E /* high_fidelityTests.swift */ = {isa = PBXFileReference; lastKnownFileType = sourcecode.swift; path = high_fidelityTests.swift; sourceTree = "<group>"; };
		C2C188A62B192E6B00D9EB4E /* high-fidelityUITests.xctest */ = {isa = PBXFileReference; explicitFileType = wrapper.cfbundle; includeInIndex = 0; path = "high-fidelityUITests.xctest"; sourceTree = BUILT_PRODUCTS_DIR; };
		C2C188AA2B192E6B00D9EB4E /* high_fidelityUITests.swift */ = {isa = PBXFileReference; lastKnownFileType = sourcecode.swift; path = high_fidelityUITests.swift; sourceTree = "<group>"; };
		C2C188AC2B192E6B00D9EB4E /* high_fidelityUITestsLaunchTests.swift */ = {isa = PBXFileReference; lastKnownFileType = sourcecode.swift; path = high_fidelityUITestsLaunchTests.swift; sourceTree = "<group>"; };
/* End PBXFileReference section */

/* Begin PBXFrameworksBuildPhase section */
		C2C188882B192E6800D9EB4E /* Frameworks */ = {
			isa = PBXFrameworksBuildPhase;
			buildActionMask = 2147483647;
			files = (
			);
			runOnlyForDeploymentPostprocessing = 0;
		};
		C2C188992B192E6B00D9EB4E /* Frameworks */ = {
			isa = PBXFrameworksBuildPhase;
			buildActionMask = 2147483647;
			files = (
			);
			runOnlyForDeploymentPostprocessing = 0;
		};
		C2C188A32B192E6B00D9EB4E /* Frameworks */ = {
			isa = PBXFrameworksBuildPhase;
			buildActionMask = 2147483647;
			files = (
			);
			runOnlyForDeploymentPostprocessing = 0;
		};
/* End PBXFrameworksBuildPhase section */

/* Begin PBXGroup section */
		C2C188822B192E6800D9EB4E = {
			isa = PBXGroup;
			children = (
				C2C1888D2B192E6800D9EB4E /* high-fidelity */,
				C2C1889F2B192E6B00D9EB4E /* high-fidelityTests */,
				C2C188A92B192E6B00D9EB4E /* high-fidelityUITests */,
				C2C1888C2B192E6800D9EB4E /* Products */,
			);
			sourceTree = "<group>";
		};
		C2C1888C2B192E6800D9EB4E /* Products */ = {
			isa = PBXGroup;
			children = (
				C2C1888B2B192E6800D9EB4E /* high-fidelity.app */,
				C2C1889C2B192E6B00D9EB4E /* high-fidelityTests.xctest */,
				C2C188A62B192E6B00D9EB4E /* high-fidelityUITests.xctest */,
			);
			name = Products;
			sourceTree = "<group>";
		};
		C2C1888D2B192E6800D9EB4E /* high-fidelity */ = {
			isa = PBXGroup;
			children = (
				C2C1888E2B192E6800D9EB4E /* high_fidelityApp.swift */,
				C2C188902B192E6800D9EB4E /* ContentView.swift */,
				C2C188922B192E6B00D9EB4E /* Assets.xcassets */,
				C2C188942B192E6B00D9EB4E /* high_fidelity.entitlements */,
				C2C188952B192E6B00D9EB4E /* Preview Content */,
			);
			path = "high-fidelity";
			sourceTree = "<group>";
		};
		C2C188952B192E6B00D9EB4E /* Preview Content */ = {
			isa = PBXGroup;
			children = (
				C2C188962B192E6B00D9EB4E /* Preview Assets.xcassets */,
			);
			path = "Preview Content";
			sourceTree = "<group>";
		};
		C2C1889F2B192E6B00D9EB4E /* high-fidelityTests */ = {
			isa = PBXGroup;
			children = (
				C2C188A02B192E6B00D9EB4E /* high_fidelityTests.swift */,
			);
			path = "high-fidelityTests";
			sourceTree = "<group>";
		};
		C2C188A92B192E6B00D9EB4E /* high-fidelityUITests */ = {
			isa = PBXGroup;
			children = (
				C2C188AA2B192E6B00D9EB4E /* high_fidelityUITests.swift */,
				C2C188AC2B192E6B00D9EB4E /* high_fidelityUITestsLaunchTests.swift */,
			);
			path = "high-fidelityUITests";
			sourceTree = "<group>";
		};
/* End PBXGroup section */

/* Begin PBXNativeTarget section */
		C2C1888A2B192E6800D9EB4E /* high-fidelity */ = {
			isa = PBXNativeTarget;
			buildConfigurationList = C2C188B02B192E6B00D9EB4E /* Build configuration list for PBXNativeTarget "high-fidelity" */;
			buildPhases = (
				C2C188872B192E6800D9EB4E /* Sources */,
				C2C188882B192E6800D9EB4E /* Frameworks */,
				C2C188892B192E6800D9EB4E /* Resources */,
			);
			buildRules = (
			);
			dependencies = (
			);
			name = "high-fidelity";
			productName = "high-fidelity";
			productReference = C2C1888B2B192E6800D9EB4E /* high-fidelity.app */;
			productType = "com.apple.product-type.application";
		};
		C2C1889B2B192E6B00D9EB4E /* high-fidelityTests */ = {
			isa = PBXNativeTarget;
			buildConfigurationList = C2C188B32B192E6B00D9EB4E /* Build configuration list for PBXNativeTarget "high-fidelityTests" */;
			buildPhases = (
				C2C188982B192E6B00D9EB4E /* Sources */,
				C2C188992B192E6B00D9EB4E /* Frameworks */,
				C2C1889A2B192E6B00D9EB4E /* Resources */,
			);
			buildRules = (
			);
			dependencies = (
				C2C1889E2B192E6B00D9EB4E /* PBXTargetDependency */,
			);
			name = "high-fidelityTests";
			productName = "high-fidelityTests";
			productReference = C2C1889C2B192E6B00D9EB4E /* high-fidelityTests.xctest */;
			productType = "com.apple.product-type.bundle.unit-test";
		};
		C2C188A52B192E6B00D9EB4E /* high-fidelityUITests */ = {
			isa = PBXNativeTarget;
			buildConfigurationList = C2C188B62B192E6B00D9EB4E /* Build configuration list for PBXNativeTarget "high-fidelityUITests" */;
			buildPhases = (
				C2C188A22B192E6B00D9EB4E /* Sources */,
				C2C188A32B192E6B00D9EB4E /* Frameworks */,
				C2C188A42B192E6B00D9EB4E /* Resources */,
			);
			buildRules = (
			);
			dependencies = (
				C2C188A82B192E6B00D9EB4E /* PBXTargetDependency */,
			);
			name = "high-fidelityUITests";
			productName = "high-fidelityUITests";
			productReference = C2C188A62B192E6B00D9EB4E /* high-fidelityUITests.xctest */;
			productType = "com.apple.product-type.bundle.ui-testing";
		};
/* End PBXNativeTarget section */

/* Begin PBXProject section */
		C2C188832B192E6800D9EB4E /* Project object */ = {
			isa = PBXProject;
			attributes = {
				BuildIndependentTargetsInParallel = 1;
				LastSwiftUpdateCheck = 1500;
				LastUpgradeCheck = 1500;
				TargetAttributes = {
					C2C1888A2B192E6800D9EB4E = {
						CreatedOnToolsVersion = 15.0;
					};
					C2C1889B2B192E6B00D9EB4E = {
						CreatedOnToolsVersion = 15.0;
						TestTargetID = C2C1888A2B192E6800D9EB4E;
					};
					C2C188A52B192E6B00D9EB4E = {
						CreatedOnToolsVersion = 15.0;
						TestTargetID = C2C1888A2B192E6800D9EB4E;
					};
				};
			};
			buildConfigurationList = C2C188862B192E6800D9EB4E /* Build configuration list for PBXProject "high-fidelity" */;
			compatibilityVersion = "Xcode 14.0";
			developmentRegion = en;
			hasScannedForEncodings = 0;
			knownRegions = (
				en,
				Base,
			);
			mainGroup = C2C188822B192E6800D9EB4E;
			productRefGroup = C2C1888C2B192E6800D9EB4E /* Products */;
			projectDirPath = "";
			projectRoot = "";
			targets = (
				C2C1888A2B192E6800D9EB4E /* high-fidelity */,
				C2C1889B2B192E6B00D9EB4E /* high-fidelityTests */,
				C2C188A52B192E6B00D9EB4E /* high-fidelityUITests */,
			);
		};
/* End PBXProject section */

/* Begin PBXResourcesBuildPhase section */
		C2C188892B192E6800D9EB4E /* Resources */ = {
			isa = PBXResourcesBuildPhase;
			buildActionMask = 2147483647;
			files = (
				C2C188972B192E6B00D9EB4E /* Preview Assets.xcassets in Resources */,
				C2C188932B192E6B00D9EB4E /* Assets.xcassets in Resources */,
			);
			runOnlyForDeploymentPostprocessing = 0;
		};
		C2C1889A2B192E6B00D9EB4E /* Resources */ = {
			isa = PBXResourcesBuildPhase;
			buildActionMask = 2147483647;
			files = (
			);
			runOnlyForDeploymentPostprocessing = 0;
		};
		C2C188A42B192E6B00D9EB4E /* Resources */ = {
			isa = PBXResourcesBuildPhase;
			buildActionMask = 2147483647;
			files = (
			);
			runOnlyForDeploymentPostprocessing = 0;
		};
/* End PBXResourcesBuildPhase section */

/* Begin PBXSourcesBuildPhase section */
		C2C188872B192E6800D9EB4E /* Sources */ = {
			isa = PBXSourcesBuildPhase;
			buildActionMask = 2147483647;
			files = (
				C2C188912B192E6800D9EB4E /* ContentView.swift in Sources */,
				C2C1888F2B192E6800D9EB4E /* high_fidelityApp.swift in Sources */,
			);
			runOnlyForDeploymentPostprocessing = 0;
		};
		C2C188982B192E6B00D9EB4E /* Sources */ = {
			isa = PBXSourcesBuildPhase;
			buildActionMask = 2147483647;
			files = (
				C2C188A12B192E6B00D9EB4E /* high_fidelityTests.swift in Sources */,
			);
			runOnlyForDeploymentPostprocessing = 0;
		};
		C2C188A22B192E6B00D9EB4E /* Sources */ = {
			isa = PBXSourcesBuildPhase;
			buildActionMask = 2147483647;
			files = (
				C2C188AD2B192E6B00D9EB4E /* high_fidelityUITestsLaunchTests.swift in Sources */,
				C2C188AB2B192E6B00D9EB4E /* high_fidelityUITests.swift in Sources */,
			);
			runOnlyForDeploymentPostprocessing = 0;
		};
/* End PBXSourcesBuildPhase section */

/* Begin PBXTargetDependency section */
		C2C1889E2B192E6B00D9EB4E /* PBXTargetDependency */ = {
			isa = PBXTargetDependency;
			target = C2C1888A2B192E6800D9EB4E /* high-fidelity */;
			targetProxy = C2C1889D2B192E6B00D9EB4E /* PBXContainerItemProxy */;
		};
		C2C188A82B192E6B00D9EB4E /* PBXTargetDependency */ = {
			isa = PBXTargetDependency;
			target = C2C1888A2B192E6800D9EB4E /* high-fidelity */;
			targetProxy = C2C188A72B192E6B00D9EB4E /* PBXContainerItemProxy */;
		};
/* End PBXTargetDependency section */

/* Begin XCBuildConfiguration section */
		C2C188AE2B192E6B00D9EB4E /* Debug */ = {
			isa = XCBuildConfiguration;
			buildSettings = {
				ALWAYS_SEARCH_USER_PATHS = NO;
				ASSETCATALOG_COMPILER_GENERATE_SWIFT_ASSET_SYMBOL_EXTENSIONS = YES;
				CLANG_ANALYZER_NONNULL = YES;
				CLANG_ANALYZER_NUMBER_OBJECT_CONVERSION = YES_AGGRESSIVE;
				CLANG_CXX_LANGUAGE_STANDARD = "gnu++20";
				CLANG_ENABLE_MODULES = YES;
				CLANG_ENABLE_OBJC_ARC = YES;
				CLANG_ENABLE_OBJC_WEAK = YES;
				CLANG_WARN_BLOCK_CAPTURE_AUTORELEASING = YES;
				CLANG_WARN_BOOL_CONVERSION = YES;
				CLANG_WARN_COMMA = YES;
				CLANG_WARN_CONSTANT_CONVERSION = YES;
				CLANG_WARN_DEPRECATED_OBJC_IMPLEMENTATIONS = YES;
				CLANG_WARN_DIRECT_OBJC_ISA_USAGE = YES_ERROR;
				CLANG_WARN_DOCUMENTATION_COMMENTS = YES;
				CLANG_WARN_EMPTY_BODY = YES;
				CLANG_WARN_ENUM_CONVERSION = YES;
				CLANG_WARN_INFINITE_RECURSION = YES;
				CLANG_WARN_INT_CONVERSION = YES;
				CLANG_WARN_NON_LITERAL_NULL_CONVERSION = YES;
				CLANG_WARN_OBJC_IMPLICIT_RETAIN_SELF = YES;
				CLANG_WARN_OBJC_LITERAL_CONVERSION = YES;
				CLANG_WARN_OBJC_ROOT_CLASS = YES_ERROR;
				CLANG_WARN_QUOTED_INCLUDE_IN_FRAMEWORK_HEADER = YES;
				CLANG_WARN_RANGE_LOOP_ANALYSIS = YES;
				CLANG_WARN_STRICT_PROTOTYPES = YES;
				CLANG_WARN_SUSPICIOUS_MOVE = YES;
				CLANG_WARN_UNGUARDED_AVAILABILITY = YES_AGGRESSIVE;
				CLANG_WARN_UNREACHABLE_CODE = YES;
				CLANG_WARN__DUPLICATE_METHOD_MATCH = YES;
				COPY_PHASE_STRIP = NO;
				DEBUG_INFORMATION_FORMAT = dwarf;
				ENABLE_STRICT_OBJC_MSGSEND = YES;
				ENABLE_TESTABILITY = YES;
				ENABLE_USER_SCRIPT_SANDBOXING = YES;
				GCC_C_LANGUAGE_STANDARD = gnu17;
				GCC_DYNAMIC_NO_PIC = NO;
				GCC_NO_COMMON_BLOCKS = YES;
				GCC_OPTIMIZATION_LEVEL = 0;
				GCC_PREPROCESSOR_DEFINITIONS = (
					"DEBUG=1",
					"$(inherited)",
				);
				GCC_WARN_64_TO_32_BIT_CONVERSION = YES;
				GCC_WARN_ABOUT_RETURN_TYPE = YES_ERROR;
				GCC_WARN_UNDECLARED_SELECTOR = YES;
				GCC_WARN_UNINITIALIZED_AUTOS = YES_AGGRESSIVE;
				GCC_WARN_UNUSED_FUNCTION = YES;
				GCC_WARN_UNUSED_VARIABLE = YES;
				LOCALIZATION_PREFERS_STRING_CATALOGS = YES;
				MTL_ENABLE_DEBUG_INFO = INCLUDE_SOURCE;
				MTL_FAST_MATH = YES;
				ONLY_ACTIVE_ARCH = YES;
				SWIFT_ACTIVE_COMPILATION_CONDITIONS = "DEBUG $(inherited)";
				SWIFT_OPTIMIZATION_LEVEL = "-Onone";
			};
			name = Debug;
		};
		C2C188AF2B192E6B00D9EB4E /* Release */ = {
			isa = XCBuildConfiguration;
			buildSettings = {
				ALWAYS_SEARCH_USER_PATHS = NO;
				ASSETCATALOG_COMPILER_GENERATE_SWIFT_ASSET_SYMBOL_EXTENSIONS = YES;
				CLANG_ANALYZER_NONNULL = YES;
				CLANG_ANALYZER_NUMBER_OBJECT_CONVERSION = YES_AGGRESSIVE;
				CLANG_CXX_LANGUAGE_STANDARD = "gnu++20";
				CLANG_ENABLE_MODULES = YES;
				CLANG_ENABLE_OBJC_ARC = YES;
				CLANG_ENABLE_OBJC_WEAK = YES;
				CLANG_WARN_BLOCK_CAPTURE_AUTORELEASING = YES;
				CLANG_WARN_BOOL_CONVERSION = YES;
				CLANG_WARN_COMMA = YES;
				CLANG_WARN_CONSTANT_CONVERSION = YES;
				CLANG_WARN_DEPRECATED_OBJC_IMPLEMENTATIONS = YES;
				CLANG_WARN_DIRECT_OBJC_ISA_USAGE = YES_ERROR;
				CLANG_WARN_DOCUMENTATION_COMMENTS = YES;
				CLANG_WARN_EMPTY_BODY = YES;
				CLANG_WARN_ENUM_CONVERSION = YES;
				CLANG_WARN_INFINITE_RECURSION = YES;
				CLANG_WARN_INT_CONVERSION = YES;
				CLANG_WARN_NON_LITERAL_NULL_CONVERSION = YES;
				CLANG_WARN_OBJC_IMPLICIT_RETAIN_SELF = YES;
				CLANG_WARN_OBJC_LITERAL_CONVERSION = YES;
				CLANG_WARN_OBJC_ROOT_CLASS = YES_ERROR;
				CLANG_WARN_QUOTED_INCLUDE_IN_FRAMEWORK_HEADER = YES;
				CLANG_WARN_RANGE_LOOP_ANALYSIS = YES;
				CLANG_WARN_STRICT_PROTOTYPES = YES;
				CLANG_WARN_SUSPICIOUS_MOVE = YES;
				CLANG_WARN_UNGUARDED_AVAILABILITY = YES_AGGRESSIVE;
				CLANG_WARN_UNREACHABLE_CODE = YES;
				CLANG_WARN__DUPLICATE_METHOD_MATCH = YES;
				COPY_PHASE_STRIP = NO;
				DEBUG_INFORMATION_FORMAT = "dwarf-with-dsym";
				ENABLE_NS_ASSERTIONS = NO;
				ENABLE_STRICT_OBJC_MSGSEND = YES;
				ENABLE_USER_SCRIPT_SANDBOXING = YES;
				GCC_C_LANGUAGE_STANDARD = gnu17;
				GCC_NO_COMMON_BLOCKS = YES;
				GCC_WARN_64_TO_32_BIT_CONVERSION = YES;
				GCC_WARN_ABOUT_RETURN_TYPE = YES_ERROR;
				GCC_WARN_UNDECLARED_SELECTOR = YES;
				GCC_WARN_UNINITIALIZED_AUTOS = YES_AGGRESSIVE;
				GCC_WARN_UNUSED_FUNCTION = YES;
				GCC_WARN_UNUSED_VARIABLE = YES;
				LOCALIZATION_PREFERS_STRING_CATALOGS = YES;
				MTL_ENABLE_DEBUG_INFO = NO;
				MTL_FAST_MATH = YES;
				SWIFT_COMPILATION_MODE = wholemodule;
			};
			name = Release;
		};
		C2C188B12B192E6B00D9EB4E /* Debug */ = {
			isa = XCBuildConfiguration;
			buildSettings = {
				ASSETCATALOG_COMPILER_APPICON_NAME = AppIcon;
				ASSETCATALOG_COMPILER_GLOBAL_ACCENT_COLOR_NAME = AccentColor;
				CODE_SIGN_ENTITLEMENTS = "high-fidelity/high_fidelity.entitlements";
				CODE_SIGN_STYLE = Automatic;
				CURRENT_PROJECT_VERSION = 1;
				DEVELOPMENT_ASSET_PATHS = "\"high-fidelity/Preview Content\"";
				ENABLE_PREVIEWS = YES;
				GENERATE_INFOPLIST_FILE = YES;
				"INFOPLIST_KEY_UIApplicationSceneManifest_Generation[sdk=iphoneos*]" = YES;
				"INFOPLIST_KEY_UIApplicationSceneManifest_Generation[sdk=iphonesimulator*]" = YES;
				"INFOPLIST_KEY_UIApplicationSupportsIndirectInputEvents[sdk=iphoneos*]" = YES;
				"INFOPLIST_KEY_UIApplicationSupportsIndirectInputEvents[sdk=iphonesimulator*]" = YES;
				"INFOPLIST_KEY_UILaunchScreen_Generation[sdk=iphoneos*]" = YES;
				"INFOPLIST_KEY_UILaunchScreen_Generation[sdk=iphonesimulator*]" = YES;
				"INFOPLIST_KEY_UIStatusBarStyle[sdk=iphoneos*]" = UIStatusBarStyleDefault;
				"INFOPLIST_KEY_UIStatusBarStyle[sdk=iphonesimulator*]" = UIStatusBarStyleDefault;
				INFOPLIST_KEY_UISupportedInterfaceOrientations_iPad = "UIInterfaceOrientationPortrait UIInterfaceOrientationPortraitUpsideDown UIInterfaceOrientationLandscapeLeft UIInterfaceOrientationLandscapeRight";
				INFOPLIST_KEY_UISupportedInterfaceOrientations_iPhone = "UIInterfaceOrientationPortrait UIInterfaceOrientationLandscapeLeft UIInterfaceOrientationLandscapeRight";
				IPHONEOS_DEPLOYMENT_TARGET = 17.0;
				LD_RUNPATH_SEARCH_PATHS = "@executable_path/Frameworks";
				"LD_RUNPATH_SEARCH_PATHS[sdk=macosx*]" = "@executable_path/../Frameworks";
				MACOSX_DEPLOYMENT_TARGET = 14.0;
				MARKETING_VERSION = 1.0;
				PRODUCT_BUNDLE_IDENTIFIER = "jchen.high-fidelity";
				PRODUCT_NAME = "$(TARGET_NAME)";
				SDKROOT = auto;
				SUPPORTED_PLATFORMS = "iphoneos iphonesimulator macosx";
				SWIFT_EMIT_LOC_STRINGS = YES;
				SWIFT_VERSION = 5.0;
				TARGETED_DEVICE_FAMILY = "1,2";
			};
			name = Debug;
		};
		C2C188B22B192E6B00D9EB4E /* Release */ = {
			isa = XCBuildConfiguration;
			buildSettings = {
				ASSETCATALOG_COMPILER_APPICON_NAME = AppIcon;
				ASSETCATALOG_COMPILER_GLOBAL_ACCENT_COLOR_NAME = AccentColor;
				CODE_SIGN_ENTITLEMENTS = "high-fidelity/high_fidelity.entitlements";
				CODE_SIGN_STYLE = Automatic;
				CURRENT_PROJECT_VERSION = 1;
				DEVELOPMENT_ASSET_PATHS = "\"high-fidelity/Preview Content\"";
				ENABLE_PREVIEWS = YES;
				GENERATE_INFOPLIST_FILE = YES;
				"INFOPLIST_KEY_UIApplicationSceneManifest_Generation[sdk=iphoneos*]" = YES;
				"INFOPLIST_KEY_UIApplicationSceneManifest_Generation[sdk=iphonesimulator*]" = YES;
				"INFOPLIST_KEY_UIApplicationSupportsIndirectInputEvents[sdk=iphoneos*]" = YES;
				"INFOPLIST_KEY_UIApplicationSupportsIndirectInputEvents[sdk=iphonesimulator*]" = YES;
				"INFOPLIST_KEY_UILaunchScreen_Generation[sdk=iphoneos*]" = YES;
				"INFOPLIST_KEY_UILaunchScreen_Generation[sdk=iphonesimulator*]" = YES;
				"INFOPLIST_KEY_UIStatusBarStyle[sdk=iphoneos*]" = UIStatusBarStyleDefault;
				"INFOPLIST_KEY_UIStatusBarStyle[sdk=iphonesimulator*]" = UIStatusBarStyleDefault;
				INFOPLIST_KEY_UISupportedInterfaceOrientations_iPad = "UIInterfaceOrientationPortrait UIInterfaceOrientationPortraitUpsideDown UIInterfaceOrientationLandscapeLeft UIInterfaceOrientationLandscapeRight";
				INFOPLIST_KEY_UISupportedInterfaceOrientations_iPhone = "UIInterfaceOrientationPortrait UIInterfaceOrientationLandscapeLeft UIInterfaceOrientationLandscapeRight";
				IPHONEOS_DEPLOYMENT_TARGET = 17.0;
				LD_RUNPATH_SEARCH_PATHS = "@executable_path/Frameworks";
				"LD_RUNPATH_SEARCH_PATHS[sdk=macosx*]" = "@executable_path/../Frameworks";
				MACOSX_DEPLOYMENT_TARGET = 14.0;
				MARKETING_VERSION = 1.0;
				PRODUCT_BUNDLE_IDENTIFIER = "jchen.high-fidelity";
				PRODUCT_NAME = "$(TARGET_NAME)";
				SDKROOT = auto;
				SUPPORTED_PLATFORMS = "iphoneos iphonesimulator macosx";
				SWIFT_EMIT_LOC_STRINGS = YES;
				SWIFT_VERSION = 5.0;
				TARGETED_DEVICE_FAMILY = "1,2";
			};
			name = Release;
		};
		C2C188B42B192E6B00D9EB4E /* Debug */ = {
			isa = XCBuildConfiguration;
			buildSettings = {
				ALWAYS_EMBED_SWIFT_STANDARD_LIBRARIES = YES;
				BUNDLE_LOADER = "$(TEST_HOST)";
				CODE_SIGN_STYLE = Automatic;
				CURRENT_PROJECT_VERSION = 1;
				GENERATE_INFOPLIST_FILE = YES;
				IPHONEOS_DEPLOYMENT_TARGET = 17.0;
				MACOSX_DEPLOYMENT_TARGET = 14.0;
				MARKETING_VERSION = 1.0;
				PRODUCT_BUNDLE_IDENTIFIER = "jchen.high-fidelityTests";
				PRODUCT_NAME = "$(TARGET_NAME)";
				SDKROOT = auto;
				SUPPORTED_PLATFORMS = "iphoneos iphonesimulator macosx";
				SWIFT_EMIT_LOC_STRINGS = NO;
				SWIFT_VERSION = 5.0;
				TARGETED_DEVICE_FAMILY = "1,2";
				TEST_HOST = "$(BUILT_PRODUCTS_DIR)/high-fidelity.app/$(BUNDLE_EXECUTABLE_FOLDER_PATH)/high-fidelity";
			};
			name = Debug;
		};
		C2C188B52B192E6B00D9EB4E /* Release */ = {
			isa = XCBuildConfiguration;
			buildSettings = {
				ALWAYS_EMBED_SWIFT_STANDARD_LIBRARIES = YES;
				BUNDLE_LOADER = "$(TEST_HOST)";
				CODE_SIGN_STYLE = Automatic;
				CURRENT_PROJECT_VERSION = 1;
				GENERATE_INFOPLIST_FILE = YES;
				IPHONEOS_DEPLOYMENT_TARGET = 17.0;
				MACOSX_DEPLOYMENT_TARGET = 14.0;
				MARKETING_VERSION = 1.0;
				PRODUCT_BUNDLE_IDENTIFIER = "jchen.high-fidelityTests";
				PRODUCT_NAME = "$(TARGET_NAME)";
				SDKROOT = auto;
				SUPPORTED_PLATFORMS = "iphoneos iphonesimulator macosx";
				SWIFT_EMIT_LOC_STRINGS = NO;
				SWIFT_VERSION = 5.0;
				TARGETED_DEVICE_FAMILY = "1,2";
				TEST_HOST = "$(BUILT_PRODUCTS_DIR)/high-fidelity.app/$(BUNDLE_EXECUTABLE_FOLDER_PATH)/high-fidelity";
			};
			name = Release;
		};
		C2C188B72B192E6B00D9EB4E /* Debug */ = {
			isa = XCBuildConfiguration;
			buildSettings = {
				ALWAYS_EMBED_SWIFT_STANDARD_LIBRARIES = YES;
				CODE_SIGN_STYLE = Automatic;
				CURRENT_PROJECT_VERSION = 1;
				GENERATE_INFOPLIST_FILE = YES;
				IPHONEOS_DEPLOYMENT_TARGET = 17.0;
				MACOSX_DEPLOYMENT_TARGET = 14.0;
				MARKETING_VERSION = 1.0;
				PRODUCT_BUNDLE_IDENTIFIER = "jchen.high-fidelityUITests";
				PRODUCT_NAME = "$(TARGET_NAME)";
				SDKROOT = auto;
				SUPPORTED_PLATFORMS = "iphoneos iphonesimulator macosx";
				SWIFT_EMIT_LOC_STRINGS = NO;
				SWIFT_VERSION = 5.0;
				TARGETED_DEVICE_FAMILY = "1,2";
				TEST_TARGET_NAME = "high-fidelity";
			};
			name = Debug;
		};
		C2C188B82B192E6B00D9EB4E /* Release */ = {
			isa = XCBuildConfiguration;
			buildSettings = {
				ALWAYS_EMBED_SWIFT_STANDARD_LIBRARIES = YES;
				CODE_SIGN_STYLE = Automatic;
				CURRENT_PROJECT_VERSION = 1;
				GENERATE_INFOPLIST_FILE = YES;
				IPHONEOS_DEPLOYMENT_TARGET = 17.0;
				MACOSX_DEPLOYMENT_TARGET = 14.0;
				MARKETING_VERSION = 1.0;
				PRODUCT_BUNDLE_IDENTIFIER = "jchen.high-fidelityUITests";
				PRODUCT_NAME = "$(TARGET_NAME)";
				SDKROOT = auto;
				SUPPORTED_PLATFORMS = "iphoneos iphonesimulator macosx";
				SWIFT_EMIT_LOC_STRINGS = NO;
				SWIFT_VERSION = 5.0;
				TARGETED_DEVICE_FAMILY = "1,2";
				TEST_TARGET_NAME = "high-fidelity";
			};
			name = Release;
		};
/* End XCBuildConfiguration section */

/* Begin XCConfigurationList section */
		C2C188862B192E6800D9EB4E /* Build configuration list for PBXProject "high-fidelity" */ = {
			isa = XCConfigurationList;
			buildConfigurations = (
				C2C188AE2B192E6B00D9EB4E /* Debug */,
				C2C188AF2B192E6B00D9EB4E /* Release */,
			);
			defaultConfigurationIsVisible = 0;
			defaultConfigurationName = Release;
		};
		C2C188B02B192E6B00D9EB4E /* Build configuration list for PBXNativeTarget "high-fidelity" */ = {
			isa = XCConfigurationList;
			buildConfigurations = (
				C2C188B12B192E6B00D9EB4E /* Debug */,
				C2C188B22B192E6B00D9EB4E /* Release */,
			);
			defaultConfigurationIsVisible = 0;
			defaultConfigurationName = Release;
		};
		C2C188B32B192E6B00D9EB4E /* Build configuration list for PBXNativeTarget "high-fidelityTests" */ = {
			isa = XCConfigurationList;
			buildConfigurations = (
				C2C188B42B192E6B00D9EB4E /* Debug */,
				C2C188B52B192E6B00D9EB4E /* Release */,
			);
			defaultConfigurationIsVisible = 0;
			defaultConfigurationName = Release;
		};
		C2C188B62B192E6B00D9EB4E /* Build configuration list for PBXNativeTarget "high-fidelityUITests" */ = {
			isa = XCConfigurationList;
			buildConfigurations = (
				C2C188B72B192E6B00D9EB4E /* Debug */,
				C2C188B82B192E6B00D9EB4E /* Release */,
			);
			defaultConfigurationIsVisible = 0;
			defaultConfigurationName = Release;
		};
/* End XCConfigurationList section */
	};
	rootObject = C2C188832B192E6800D9EB4E /* Project object */;
}
